{
  "version": 4,
  "terraform_version": "1.1.8",
  "serial": 1,
  "lineage": "36314346-5d70-ddb4-102c-27fca17284b3",
  "outputs": {},
  "resources": [
    {
      "mode": "data",
      "type": "azuread_service_principal",
      "name": "cert_manager",
      "provider": "provider[\"registry.terraform.io/hashicorp/azuread\"]",
      "instances": [
        {
          "index_key": 0,
          "schema_version": 0,
          "attributes": {
            "account_enabled": true,
            "alternative_names": [],
            "app_role_assignment_required": false,
            "app_role_ids": {},
            "app_roles": [],
            "application_id": "db8c4488-ca94-47d3-b7e5-75383c934907",
            "application_tenant_id": "565f19fb-40ea-44d1-8ae8-9912a017ef09",
            "description": "",
            "display_name": "local-dev-aks-0000-certmanager",
            "feature_tags": [
              {
                "custom_single_sign_on": false,
                "enterprise": false,
                "gallery": false,
                "hide": false
              }
            ],
            "features": [
              {
                "custom_single_sign_on_app": false,
                "enterprise_application": false,
                "gallery_application": false,
                "visible_to_users": true
              }
            ],
            "homepage_url": "",
            "id": "29a3cc25-296e-437a-8c7e-83591ff3ac44",
            "login_url": "",
            "logout_url": "",
            "notes": "",
            "notification_email_addresses": [],
            "oauth2_permission_scope_ids": {},
            "oauth2_permission_scopes": [],
            "object_id": "29a3cc25-296e-437a-8c7e-83591ff3ac44",
            "preferred_single_sign_on_mode": "",
            "redirect_uris": [],
            "saml_metadata_url": "",
            "saml_single_sign_on": [
              {
                "relay_state": ""
              }
            ],
            "service_principal_names": [],
            "sign_in_audience": "AzureADMyOrg",
            "tags": [],
            "timeouts": null,
            "type": "Application"
          },
          "sensitive_attributes": []
        }
      ]
    },
    {
      "mode": "data",
      "type": "azurerm_client_config",
      "name": "current",
      "provider": "provider[\"registry.terraform.io/hashicorp/azurerm\"]",
      "instances": [
        {
          "schema_version": 0,
          "attributes": {
            "client_id": "6a6404bf-e10d-485f-b493-9a57d095b934",
            "id": "2022-05-25 17:34:47.5837962 +0000 UTC",
            "object_id": "d6de4c18-d1de-4c8b-b862-7eb4679b6d4f",
            "subscription_id": "4718857a-5dbe-452c-a172-21a3ae74304f",
            "tenant_id": "565f19fb-40ea-44d1-8ae8-9912a017ef09",
            "timeouts": null
          },
          "sensitive_attributes": []
        }
      ]
    },
    {
      "mode": "data",
      "type": "azurerm_kubernetes_cluster",
      "name": "cluster",
      "provider": "provider[\"registry.terraform.io/hashicorp/azurerm\"]",
      "instances": [
        {
          "schema_version": 0,
          "attributes": {
            "aci_connector_linux": [],
            "agent_pool_profile": [
              {
                "count": 1,
                "enable_auto_scaling": false,
                "enable_node_public_ip": false,
                "max_count": 0,
                "max_pods": 30,
                "min_count": 0,
                "name": "default",
                "node_labels": {},
                "node_public_ip_prefix_id": "",
                "node_taints": [],
                "orchestrator_version": "1.23.3",
                "os_disk_size_gb": 128,
                "os_type": "Linux",
                "tags": {},
                "type": "VirtualMachineScaleSets",
                "upgrade_settings": [],
                "vm_size": "Standard_B2s",
                "vnet_subnet_id": "/subscriptions/4718857a-5dbe-452c-a172-21a3ae74304f/resourceGroups/local-dev/providers/Microsoft.Network/virtualNetworks/local-dev-vnet-0000/subnets/default",
                "zones": []
              },
              {
                "count": 1,
                "enable_auto_scaling": true,
                "enable_node_public_ip": false,
                "max_count": 100,
                "max_pods": 30,
                "min_count": 1,
                "name": "michael",
                "node_labels": {},
                "node_public_ip_prefix_id": "",
                "node_taints": [],
                "orchestrator_version": "1.23.3",
                "os_disk_size_gb": 128,
                "os_type": "Linux",
                "tags": {
                  "md-manifest": "aks",
                  "md-project": "local",
                  "md-target": "dev"
                },
                "type": "VirtualMachineScaleSets",
                "upgrade_settings": [],
                "vm_size": "Standard_B2s",
                "vnet_subnet_id": "/subscriptions/4718857a-5dbe-452c-a172-21a3ae74304f/resourceGroups/local-dev/providers/Microsoft.Network/virtualNetworks/local-dev-vnet-0000/subnets/default",
                "zones": []
              },
              {
                "count": 1,
                "enable_auto_scaling": true,
                "enable_node_public_ip": false,
                "max_count": 100,
                "max_pods": 30,
                "min_count": 1,
                "name": "michael2",
                "node_labels": {},
                "node_public_ip_prefix_id": "",
                "node_taints": [],
                "orchestrator_version": "1.23.3",
                "os_disk_size_gb": 128,
                "os_type": "Linux",
                "tags": {
                  "md-manifest": "aks",
                  "md-project": "local",
                  "md-target": "dev"
                },
                "type": "VirtualMachineScaleSets",
                "upgrade_settings": [],
                "vm_size": "Standard_B2s",
                "vnet_subnet_id": "/subscriptions/4718857a-5dbe-452c-a172-21a3ae74304f/resourceGroups/local-dev/providers/Microsoft.Network/virtualNetworks/local-dev-vnet-0000/subnets/default",
                "zones": []
              }
            ],
            "api_server_authorized_ip_ranges": [],
            "azure_active_directory_role_based_access_control": [
              {
                "admin_group_object_ids": [],
                "azure_rbac_enabled": true,
                "client_app_id": "",
                "managed": true,
                "server_app_id": "",
                "tenant_id": "565f19fb-40ea-44d1-8ae8-9912a017ef09"
              }
            ],
            "azure_policy_enabled": false,
            "disk_encryption_set_id": "",
            "dns_prefix": "local-dev-aks-0000-dns",
            "fqdn": "local-dev-aks-0000-dns-6ab829bc.hcp.eastus.azmk8s.io",
            "http_application_routing_enabled": false,
            "http_application_routing_zone_name": "",
            "id": "/subscriptions/4718857a-5dbe-452c-a172-21a3ae74304f/resourceGroups/local-dev/providers/Microsoft.ContainerService/managedClusters/local-dev-aks-0000",
            "identity": [
              {
                "identity_ids": [],
                "principal_id": "13529e65-2bb5-4b30-8525-247eb2508eb1",
                "tenant_id": "565f19fb-40ea-44d1-8ae8-9912a017ef09",
                "type": "SystemAssigned"
              }
            ],
            "ingress_application_gateway": [],
            "key_vault_secrets_provider": [],
            "kube_admin_config": [
              {
                "client_certificate": "LS0tLS1CRUdJTiBDRVJUSUZJQ0FURS0tLS0tCk1JSUZIVENDQXdXZ0F3SUJBZ0lRY2Z6QzFEbjZGWE1XVHVKVVVyd0FtVEFOQmdrcWhraUc5dzBCQVFzRkFEQU4KTVFzd0NRWURWUVFERXdKallUQWVGdzB5TWpBMU1qVXhOakl3TlRCYUZ3MHlOREExTWpVeE5qTXdOVEJhTURBeApGekFWQmdOVkJBb1REbk41YzNSbGJUcHRZWE4wWlhKek1SVXdFd1lEVlFRREV3eHRZWE4wWlhKamJHbGxiblF3CmdnSWlNQTBHQ1NxR1NJYjNEUUVCQVFVQUE0SUNEd0F3Z2dJS0FvSUNBUUQ0aElLbGJweitVVlRiOHhaNDVBREUKSHRtMU02VnJwd2VLRmsvVUFlWjg5ckt1dEYyeWtybVMwcVMzVGdXUFZ3REN2YWxaVUNEek4vYlgrNitST0lDZgpHSGZBT1U1R0FldDkwZUdOeE50MlRDaWpFWEpnZkdFRjJjdXc1THhNVE1NOUdWS3lBd2c3QVhuamVQcGZhdENGCjBKU2huYVY3S1RkZ1l4Z21YaUNqSTFJejVaam5SVDNNcTZ6M1RRVFljN1AxWWpDendlUFpCTkozaElBRFhKMDQKU0E1aGNTY01CQWtUSmNXZXFLSE5uSm55WnNHaFRDVUh0VGlRWURQYnF5Y2d5REdNejhqOVBvSW9Fb1hIRmNtcQpEWGx1TXpXQkFKNkR2eWx3VHRGT2U5NHdQYjlIMnN5VkNkSDVmM2hiWGgvYi9iMjlLNm9TcFNvZkI3NnI4V1llCnNFekRXZ1BFNGdrT3BiYzEwL0xHWWQzM0FQKzc3NjIvR1F2Mnk5VDRaRy83U1ZUb1RlVHpveSs3QmVBZzBkdU0Ka3VhVjJyMnVQa1Jaa0diTFQvQW4yTyszeHZ0S2lCMGlPUkp3MVhUYXh5cVhSaEdZM0lMU3BLd1Azb1NReGtMLwpBdDV5WVg1eTZQZklnaVQrVEU2SHQ0TTIwT1NPRnAyK0l4eTFRUnJRYTh2Y2kvOGVDZjJPbGVoay9kc004cllIClFLODdyUWZxT2I2TzI0OWQyM28yYnhOM0hYUTFVamlMdElZM1dZNDkyMVN0c0F2RFZBalh3WXJUalRDbDJjaEgKZHJPQSsvMXE1U3J0azNkbGljengvalliTzhzbXJSMUZ2TFF5VjBRc204d3hFRDRJdG1oQnQ3U08yWlk2M01MbgppMXcxNzN1NXBFS3IxS3NleUw4Nk53SURBUUFCbzFZd1ZEQU9CZ05WSFE4QkFmOEVCQU1DQmFBd0V3WURWUjBsCkJBd3dDZ1lJS3dZQkJRVUhBd0l3REFZRFZSMFRBUUgvQkFJd0FEQWZCZ05WSFNNRUdEQVdnQlQydVNMQzZiM3IKUDlVMEx3N2pBUUlUUjdlNkt6QU5CZ2txaGtpRzl3MEJBUXNGQUFPQ0FnRUFlWVJqMUxXTHBvQ2R6cklqRGZ4cwpuOUZOdTZZUE5neGxRVWxMRDFmWDUySjdWci8yZFVwRnZHczdyKy9KY0kwSlVZR1BuWDh4bnRjaUp6dm1nMkdsCmordG55V0FkWXF0RnBLVDVTTVpqL1dGNER4Y1hJYkxiSGZ0bXNtSzBNRTg1b05rUmVZam1SbjR0SktYeVNBNHoKck5NQ2h3ZzlUYW9pWk9sdktHYjJIdzkvNFVWRnRMb0dldnI1cVRKUE5UZW1iSlRLTGpITG5BdnJuNTE3UWkzRwpLUVBTZGJ2RlNYTXVFWDlDdzVKRno4WU1yU051dDZBc0ZLZEpwNUZaTWNzR1ExVEZDTjNNUVp1aGxhVWVRTVVzCnFrTzg2MVZETFRONXAvOFhvSkNndGRvRW5vTzVWOUFJazhSYTZ1SEVVZGtqZkZjZWtFeHp2WGNuNC9mR1hjVjEKZjlWanhPajY0RXdrMnBkNVBOQy9KTG90RUI0NUlsTGpyNFZObzRLemdZcUp2c09hRFZzQ0x3RXV2RkFnK3lHbwpodmFwdUJVajc4bkRFc0FVSmt4a1pvTzlIOFhlNnhqYXNJeEVSTk1JeWdiL3dPR1Fnc1JSTnNkNEE4M0p5bUZTCm50cUdDWGV0Ti91alR5ZHEwYkg5MzR2VENqOVVOVGFUSnNHbzRKYWlWaTJPaUlVUlNYRGVUUEc1MGFCWGU1enkKaGdwK1BnY0NUeGxrK0p5RkVZM1JmVTBLOHBlVlk0dXYvc01ReWJReUJpQ0xzQ3B5MnRFRHNNYitWMmlPWlptMApXb29CSlp3ZlhUTjdTRDI5elRJV3R6b3didTkzR3pITnlNMHJSSzY2eW0rczhmRWlFRVY5RFZNUWdpa1JuRFNtCktEQlE2ZE9yMmxXVXJHYUc2NTdORGtzPQotLS0tLUVORCBDRVJUSUZJQ0FURS0tLS0tCg==",
                "client_key": "LS0tLS1CRUdJTiBSU0EgUFJJVkFURSBLRVktLS0tLQpNSUlKS2dJQkFBS0NBZ0VBK0lTQ3BXNmMvbEZVMi9NV2VPUUF4QjdadFRPbGE2Y0hpaFpQMUFIbWZQYXlyclJkCnNwSzVrdEtrdDA0RmoxY0F3cjJwV1ZBZzh6ZjIxL3V2a1RpQW54aDN3RGxPUmdIcmZkSGhqY1RiZGt3b294RnkKWUh4aEJkbkxzT1M4VEV6RFBSbFNzZ01JT3dGNTQzajZYMnJRaGRDVW9aMmxleWszWUdNWUpsNGdveU5TTStXWQo1MFU5ekt1czkwMEUySE96OVdJd3M4SGoyUVRTZDRTQUExeWRPRWdPWVhFbkRBUUpFeVhGbnFpaHpaeVo4bWJCCm9Vd2xCN1U0a0dBejI2c25JTWd4ak0vSS9UNkNLQktGeHhYSnFnMTViak0xZ1FDZWc3OHBjRTdSVG52ZU1EMi8KUjlyTWxRblIrWDk0VzE0ZjIvMjl2U3VxRXFVcUh3ZStxL0ZtSHJCTXcxb0R4T0lKRHFXM05kUHl4bUhkOXdELwp1Kyt0dnhrTDlzdlUrR1J2KzBsVTZFM2s4Nk12dXdYZ0lOSGJqSkxtbGRxOXJqNUVXWkJteTAvd0o5anZ0OGI3ClNvZ2RJamtTY05WMDJzY3FsMFlSbU55QzBxU3NEOTZFa01aQy93TGVjbUYrY3VqM3lJSWsva3hPaDdlRE50RGsKamhhZHZpTWN0VUVhMEd2TDNJdi9IZ245anBYb1pQM2JEUEsyQjBDdk82MEg2am0ranR1UFhkdDZObThUZHgxMApOVkk0aTdTR04xbU9QZHRVcmJBTHcxUUkxOEdLMDQwd3BkbklSM2F6Z1B2OWF1VXE3Wk4zWlluTThmNDJHenZMCkpxMGRSYnkwTWxkRUxKdk1NUkErQ0xab1FiZTBqdG1XT3R6QzU0dGNOZTk3dWFSQ3E5U3JIc2kvT2pjQ0F3RUEKQVFLQ0FnQmxBLy9TM001bHRZdUh5QnlYVVI1YW1hdW1zdktIZXFKZTU4alZCVnk1Nk5FaW9HQUJxUkJUZE5uTgpSS0tQN0M1NytmbnZPdG5aNHlLc0Vqc0FEWGFDdE1CZ1d5ck0zQlRyMUxjWkdDNll2RVk4V21naWZndzJBNXgvCkw4cTJQUEdUVVVyQzN1YW1qV2dOSld5b0FsUDJRSjFad0NtMmtUOVlKNDkyY1FaVktaTk5Vd00rNW05RFZYaisKSU1sYWJsVjA1YytrRWFqYTJ0SHVFT2F6OXg1VTlUMGJNSkpObVFwVFJTUTU1Sk80YnZKSWpLb2lOVUJNRE1hTQpNUDZEU09PanVKd2pmNFpVSWVkb0FIZHVRQlh6MEh4T1pmUldsbmpZVm9peWhPY2hQc3BHMDZKL3c1a3E3NDN4CkczWkJ0VlcvNXprTHZzYm53MGtHeWZBZ0ZnU0tvZExRM2ZtSklkQ1UzZmRTVEZhM3FUZ3NtYlVybEJkRjY1STgKek1XWmpmdStBOXE2MVF2UUFzQTBVNkR3ZmxHZzVNRGgwU2tWYStCd0IreHFteVMvNEVSc1l2K3BpNnpSZXd2NQpwMWdqR2Y1dmtRQ2FUVk5PTEIwWjRodGR6a2U0ZytnU050RWxtdklZTDJqSEN5VTZhQUNvcU4wMFJCemo4MUxtCnJjc05tYWFDSUJEZTRNT1JnZjRKMGc2eFNnaXdPa1NKQnZLVHpmbHdkZVlFNTI3ZHp5MlMraHBJVnloUVNNTloKN2pqYWpRdkpQVFV3YU1ONjI4NGNhbCs0OFZEMWZSMlQrUzFtTkdlQnVhVlVMRW02T1Z3aFhYT1FQbnJpY25LVQp2aTNhd09VcHNLbWN0KzFVRk90Vk9GWlRuTzNDS04rSUtuWS9uWmo5WlFuYkdlbit1UUtDQVFFQSt6RXZ3K3IzCkgwR3hnOFJReExXZHh5VnF3RWRVaVdPTHk0enJUKzFTcnpESU9QREpSbDh3MWFSamVQNTVCdHFPQU9Jb2dqV2MKQnlMQ0RqTEZWMjkyQ3BSM2h6MlpTUXhqYTRNQU0rMWZNRGRSM2hYZGU3NU5uR2xvaDQzUE9DQVRDV3lCeXQxNAo4N3A2NGwzTzRUZlYwRnhONmZDVlJJUDZnRklKRzQrQkZIRHR0cVVCK1NuVFIrUjdCUEhSaU1HN3MxUXZzL3lHCkpOMjk1aDhmOStIYzJPQjlrUzhsKzZyM2JwNzZVamk4Wm1WWUZOM2EvMHQ3QjJzTzJXR1l2a3ord3FVeUpRSUMKclgvOHRsWDFUOGpYR1VTcFlwb0srV3NZL0JNV3dhZjRMOGRVZlk4TUJwUUdlVGhQbEVTUEpQaGxUOThpNjNTQQo3K0F0bzY4cVk4YzdOUUtDQVFFQS9VWTRDek02NnNtdXorV21VYjFmOVZxbWkvemh2ZGtEbWE2K3hId3g4TkQwCk14RDZqOHVZbHl0Rk4xSkRqdnFWSUVrVFJXc1NnUWlDdk96cUFCVGhUdGsyVVYxOXlCNkxNdCswajQrRExpWDgKdGxBRW9EbmZNR0VlQjh0b0JjUVFVRExBeWhzZjZwMGRCWXhLZlljUEc1cEM4VXR1V1B3VUViMS9SV0owUS8xMQplNWhMMlpxWkI3dDV6Y2JPUzVpNms1cTZyVzFzdEx6Wi81eGM3endvdjVoZVBCVG80bWFSYllKc1Vzc25NMjRiClBEcU1YNmhlT1RUbUNPSnc2b2VDZnpxdm10dkc2bjRxc2ZQWFA4cm16clBIdWlTSUhKR0FhZVlweFdLYzVQT2cKRkhRa1BIMWQ1NlZLUFNvZDJtU2Fqd3BsNjhjODBiVmpmQ2FtZ2YvaE93S0NBUUVBME1CUHNjSFRIV2E2MzRhRwptUE5WNitwc2pONjZvbkxYK3BGaC9VcDlMSnFkeXJSUWtPc0s2b0Z6S1ZwUnVpQm5ZdFNRVmFXM3hUWmRqdThpCmtVZFFFZnJRV3RRV1QxNjhRTnpkamtuMmtWdG43ZWk5NTloL0p6MXlZVFM0d1N2bXBpNUdyeERmTTY0RjhabUUKRkNjU3lkWHI2ajdGemVyZ2cwT3B6ZjIwaUFoUmhUZ2NLN1ZXb0tpQWs5dGpCd1A1dVU1OVZsYkdKRjBqTTlzcAo5aGIrTWo1ZUhBblN4eE9PRGFDUTUwTy9UbGxxbWV6RjB1UW5ta0tlVkltSEpwOVdHT3l3ZjVEc0tNUDBnSk52CkNwOGVJeUdzb3dUaG1lWW5IVlcvMDdDRDBURVdSa0phL0J5SVJMVkhiVENNeFd5b3hYZnF6VUpFNVJTbzJSNzUKVzNKM0FRS0NBUUVBb3luVmVRR3I5dzJ1M0tmcG1jY1NScEg3c1R0Y2dsMklBRDJmRUIyaVhxMStaRmVQMDRzcAo1bGt0NGhIUkRBOUtldDRZMkNPK2EvbjduNUpRdlhTMklZRzFpSDFlUnNuR2l5T3F3c0dGbFBsTDhIZGtRNFNFCjBEb0FpcXp6ZXFOd2p2bmpVVkJnSTFqTUZZTG5paTYwQU9oRU1BYVVOQ2RSRm95cHJSMWNJV0RyaW8vMmJWMDMKTU5BS0RCTURXNWdzdW1KMzJMb2h5ZDNQNHVmc3h3Sk9qZit1MWEzeXljZWg4SmFSQ2xWdUQ2ZmpTODI4R1BQeQpuNUFBa2NDdlZhZXUzaUFFZVJNVTlvUUpKVk1kWEM5dXVjTC83RjhVZ0xNTHN5MWZ3NVZmMWU5Tk5XQU02QnNyCm44dlFJODg2SkRPampucjRaZ2lZbWREdElsSVQrclBKZVFLQ0FRRUFoQ0J1S0VVdnZaOFN6WEhobzl1c2cwVmEKWEl0UE9ZY2FYbnFpV2h6aW9WK1lJZWZWcDdmU3VEQzdXYUc5UmwzZ3dNZGN4MjdicTR5RG1EelQ5TFJqL0ZBUwpPS1dKYmd1Wi94NkZ2QVZaODllT3Z3NmsycVI2UVF5bXhrMU14V3ZCN21TNnZMY0VmNHIzaFZGNXZnSFlBN0ZEClJtMzNNMHJwOVo2ZEx5aWZVOWhXNDI4bjJqNkxkMXlDaUV0b2l1a3kxa3lWd1hkSWk2NU5CcllyWEZJak1pQU4KNWFBWlZaTVp2MHd3VVY5S0NTdXdBYVV1d1VSZDJ3MCtHZld6ZUt3UzBNZm1KWE5Id0NQU1NCeUZlQkw1MFU1NQorczg5SCs0MkF2UG1jUVRiNlVIYTZoclN1UVRyYmpnMDZpVTJiNVdDeGp2TGxNU01uU3FlM25oRlJvOStwZz09Ci0tLS0tRU5EIFJTQSBQUklWQVRFIEtFWS0tLS0tCg==",
                "cluster_ca_certificate": "LS0tLS1CRUdJTiBDRVJUSUZJQ0FURS0tLS0tCk1JSUU2VENDQXRHZ0F3SUJBZ0lSQU1HZDRjdmpEWFdTR3hWekJCWFdqN0F3RFFZSktvWklodmNOQVFFTEJRQXcKRFRFTE1Ba0dBMVVFQXhNQ1kyRXdJQmNOTWpJd05USTFNVFl5TURVd1doZ1BNakExTWpBMU1qVXhOak13TlRCYQpNQTB4Q3pBSkJnTlZCQU1UQW1OaE1JSUNJakFOQmdrcWhraUc5dzBCQVFFRkFBT0NBZzhBTUlJQ0NnS0NBZ0VBCnhLejIvU1djM1dhVjRRWThRQTFjMXlvNEFKTW9tTVFsNEtITUdCaUFnaWErQndHTEVYd29qTHV0RXBha3dpV2kKelNlSkNUa3U5aEVVWm5jQU9nRHNLSjYwY2tEdjdmQlZOYW5WWUxZOTlPWXdLVXFPUm4wVFpwN004VmZ1eUcrMwpEd0hpeGJWTjFCbm56MnhSLzFIMEgzUXdtK3pFL285b3lrMzNWYzN2aWFaQTZUcVQ5aXRKUGhaSkthOXozK2RxCmRrRjlCNUtQeU4ybnNZTUpqeUNHeEQwODNhbjA4REZPVVVxY0llRlg4U0RPcEFVL1BUcFgrR25tV3lnTG96dnQKU0h5MTFYOFVTYzY1MjJEM2ZGL3BtQ2w1anI4dU42ZU1odlBBVDJUMjZacUNKZTJMQjNFd1JsNGJOaFBjYU00ZQpWNE1KRHhnRDJpMm9LVURsK0NYdXlQY1pzZXdrVW9adVRXK2d1L25ZZUlsc3FLdzhoTjZqZEF0cGlWSUZFMTYwCktLOUU3dUNtL3FkL2d4eUFKRVVtbkI1VWN2UDl5QWppdm1CS1ZibDVibDhLYmpYNk8wVG01Rk5WaFlDamh5alYKQndGQkp6N2lROGxJWTZYZ0MxcVZCSmtacTQxZ3ZxTmZ4eTAzRmxFb3BGNmlNZ3ExU2hKU2k2OC9peEdBNXN3eQpjMVUzRmljc1FuekJYdklVWEZDUVFjZVNoL2lxTXZZcFJTZHp1aEVOT244NXFCNS9iMk42VW1oYmY3WWxyRTZxCjlHbXdlekdLVy9PdlEzY2VaSmZpQkZKWnZub0xoRlBkZktWMVhxcjR4dWozcXEvclV1ZGUydWlSOTlNS2w1SGIKVHFkQVFDbGRZSE5IYUNKcFhBclVuZWVMV0RRbTVWVUd6RFpSdTlaVjhrMENBd0VBQWFOQ01FQXdEZ1lEVlIwUApBUUgvQkFRREFnS2tNQThHQTFVZEV3RUIvd1FGTUFNQkFmOHdIUVlEVlIwT0JCWUVGUGE1SXNMcHZlcy8xVFF2CkR1TUJBaE5IdDdvck1BMEdDU3FHU0liM0RRRUJDd1VBQTRJQ0FRQ2cvb0o4K3dndUJaaVlTdXVaSW15YjZ3c3IKK1o3TDNGQldIcUphMStTUzVOTEU0Z0NWSkhLa0dJVVJ3YUlXMkIyTHZaa3UrRDh2THBUVXMvbFFMSUR6ZjFTMgpLeWlCeExRQlVBcW1lMTFSNkYraWludWJBeVd2V2gxenF1LytmbGVtK3htVnFXN0dWVllZajFmN3pyZHphbXNXCkdOT21ieEJOWXRIQ3RsZzFUZzQveHpyaWV5MW9CTjVlZDNDcy9vQUZ6YXJOOUNyZkVuQmplREF1RVpMR3dadmgKUTVvdVhpMmk0ZW0xNVNFVlhxc3lpMEh1UGxob2dwWCtBQmhneXF5cVB2cjN1d1ltTW5ObElJd1REMGdMcmVJKwpjYkRZcUFvWGpqbUlUUVVJODZGSjJYYTZXdjlTVnVGZ0dJd2pVajlDT2NLZnBiSmpQTHFSSi8zRXMzNm55L1J5ClRSOHUrZnlweUNwMWpuZEV5L29wNDJvbkxzNVUzWEpWUXBkamhROUZlbFBhdzhYdmVKZzNvMDI2RWlMaUxrbEEKUkJ6bkJsK1N3ZVVJRjgvWUU1SnE2bHlDM09lL0xJMGYvdVpuRzlMM0tnMVY0TUVLR05scW5KSlZsNmx4QkcyVApXS0FXdWFyNDJvVUJlaE1IeXppNm94OXBpWWM3Nzd0TzRpbEx1UFFwM3c4eEpTalRlbDE4bVNXdU1OMmRCYjhJCkJkb0JOTVFVYTFnZTdMeDRMdm9PQWE4NHIxTWVyejQ0ODgwS3N6bk5aNW5MdkdIOGdDdHMydDB6M28rSnMzMjkKdzRaTEtFUzRtQko4VDB2cFRMTDc2aWdjZ09wQm5hWGRId2E1Mk9BOXlqclpwYUkxQ0xaV0lSMEtUU1V1NURMKwpkaDFrRkVPTjZIQ1Bid1B3MlE9PQotLS0tLUVORCBDRVJUSUZJQ0FURS0tLS0tCg==",
                "host": "https://local-dev-aks-0000-dns-6ab829bc.hcp.eastus.azmk8s.io:443",
                "password": "731a354d05a08c7220009f786b4de2f09f235e29d36c445614c5727e238ae89009538fe322320bdaeb083a7e82ffddca7b4dbfdd41dafe9a4fcecb4d426620ff",
                "username": "clusterAdmin_local-dev_local-dev-aks-0000"
              }
            ],
            "kube_admin_config_raw": "apiVersion: v1\nclusters:\n- cluster:\n    certificate-authority-data: LS0tLS1CRUdJTiBDRVJUSUZJQ0FURS0tLS0tCk1JSUU2VENDQXRHZ0F3SUJBZ0lSQU1HZDRjdmpEWFdTR3hWekJCWFdqN0F3RFFZSktvWklodmNOQVFFTEJRQXcKRFRFTE1Ba0dBMVVFQXhNQ1kyRXdJQmNOTWpJd05USTFNVFl5TURVd1doZ1BNakExTWpBMU1qVXhOak13TlRCYQpNQTB4Q3pBSkJnTlZCQU1UQW1OaE1JSUNJakFOQmdrcWhraUc5dzBCQVFFRkFBT0NBZzhBTUlJQ0NnS0NBZ0VBCnhLejIvU1djM1dhVjRRWThRQTFjMXlvNEFKTW9tTVFsNEtITUdCaUFnaWErQndHTEVYd29qTHV0RXBha3dpV2kKelNlSkNUa3U5aEVVWm5jQU9nRHNLSjYwY2tEdjdmQlZOYW5WWUxZOTlPWXdLVXFPUm4wVFpwN004VmZ1eUcrMwpEd0hpeGJWTjFCbm56MnhSLzFIMEgzUXdtK3pFL285b3lrMzNWYzN2aWFaQTZUcVQ5aXRKUGhaSkthOXozK2RxCmRrRjlCNUtQeU4ybnNZTUpqeUNHeEQwODNhbjA4REZPVVVxY0llRlg4U0RPcEFVL1BUcFgrR25tV3lnTG96dnQKU0h5MTFYOFVTYzY1MjJEM2ZGL3BtQ2w1anI4dU42ZU1odlBBVDJUMjZacUNKZTJMQjNFd1JsNGJOaFBjYU00ZQpWNE1KRHhnRDJpMm9LVURsK0NYdXlQY1pzZXdrVW9adVRXK2d1L25ZZUlsc3FLdzhoTjZqZEF0cGlWSUZFMTYwCktLOUU3dUNtL3FkL2d4eUFKRVVtbkI1VWN2UDl5QWppdm1CS1ZibDVibDhLYmpYNk8wVG01Rk5WaFlDamh5alYKQndGQkp6N2lROGxJWTZYZ0MxcVZCSmtacTQxZ3ZxTmZ4eTAzRmxFb3BGNmlNZ3ExU2hKU2k2OC9peEdBNXN3eQpjMVUzRmljc1FuekJYdklVWEZDUVFjZVNoL2lxTXZZcFJTZHp1aEVOT244NXFCNS9iMk42VW1oYmY3WWxyRTZxCjlHbXdlekdLVy9PdlEzY2VaSmZpQkZKWnZub0xoRlBkZktWMVhxcjR4dWozcXEvclV1ZGUydWlSOTlNS2w1SGIKVHFkQVFDbGRZSE5IYUNKcFhBclVuZWVMV0RRbTVWVUd6RFpSdTlaVjhrMENBd0VBQWFOQ01FQXdEZ1lEVlIwUApBUUgvQkFRREFnS2tNQThHQTFVZEV3RUIvd1FGTUFNQkFmOHdIUVlEVlIwT0JCWUVGUGE1SXNMcHZlcy8xVFF2CkR1TUJBaE5IdDdvck1BMEdDU3FHU0liM0RRRUJDd1VBQTRJQ0FRQ2cvb0o4K3dndUJaaVlTdXVaSW15YjZ3c3IKK1o3TDNGQldIcUphMStTUzVOTEU0Z0NWSkhLa0dJVVJ3YUlXMkIyTHZaa3UrRDh2THBUVXMvbFFMSUR6ZjFTMgpLeWlCeExRQlVBcW1lMTFSNkYraWludWJBeVd2V2gxenF1LytmbGVtK3htVnFXN0dWVllZajFmN3pyZHphbXNXCkdOT21ieEJOWXRIQ3RsZzFUZzQveHpyaWV5MW9CTjVlZDNDcy9vQUZ6YXJOOUNyZkVuQmplREF1RVpMR3dadmgKUTVvdVhpMmk0ZW0xNVNFVlhxc3lpMEh1UGxob2dwWCtBQmhneXF5cVB2cjN1d1ltTW5ObElJd1REMGdMcmVJKwpjYkRZcUFvWGpqbUlUUVVJODZGSjJYYTZXdjlTVnVGZ0dJd2pVajlDT2NLZnBiSmpQTHFSSi8zRXMzNm55L1J5ClRSOHUrZnlweUNwMWpuZEV5L29wNDJvbkxzNVUzWEpWUXBkamhROUZlbFBhdzhYdmVKZzNvMDI2RWlMaUxrbEEKUkJ6bkJsK1N3ZVVJRjgvWUU1SnE2bHlDM09lL0xJMGYvdVpuRzlMM0tnMVY0TUVLR05scW5KSlZsNmx4QkcyVApXS0FXdWFyNDJvVUJlaE1IeXppNm94OXBpWWM3Nzd0TzRpbEx1UFFwM3c4eEpTalRlbDE4bVNXdU1OMmRCYjhJCkJkb0JOTVFVYTFnZTdMeDRMdm9PQWE4NHIxTWVyejQ0ODgwS3N6bk5aNW5MdkdIOGdDdHMydDB6M28rSnMzMjkKdzRaTEtFUzRtQko4VDB2cFRMTDc2aWdjZ09wQm5hWGRId2E1Mk9BOXlqclpwYUkxQ0xaV0lSMEtUU1V1NURMKwpkaDFrRkVPTjZIQ1Bid1B3MlE9PQotLS0tLUVORCBDRVJUSUZJQ0FURS0tLS0tCg==\n    server: https://local-dev-aks-0000-dns-6ab829bc.hcp.eastus.azmk8s.io:443\n  name: local-dev-aks-0000\ncontexts:\n- context:\n    cluster: local-dev-aks-0000\n    user: clusterAdmin_local-dev_local-dev-aks-0000\n  name: local-dev-aks-0000\ncurrent-context: local-dev-aks-0000\nkind: Config\npreferences: {}\nusers:\n- name: clusterAdmin_local-dev_local-dev-aks-0000\n  user:\n    client-certificate-data: LS0tLS1CRUdJTiBDRVJUSUZJQ0FURS0tLS0tCk1JSUZIVENDQXdXZ0F3SUJBZ0lRY2Z6QzFEbjZGWE1XVHVKVVVyd0FtVEFOQmdrcWhraUc5dzBCQVFzRkFEQU4KTVFzd0NRWURWUVFERXdKallUQWVGdzB5TWpBMU1qVXhOakl3TlRCYUZ3MHlOREExTWpVeE5qTXdOVEJhTURBeApGekFWQmdOVkJBb1REbk41YzNSbGJUcHRZWE4wWlhKek1SVXdFd1lEVlFRREV3eHRZWE4wWlhKamJHbGxiblF3CmdnSWlNQTBHQ1NxR1NJYjNEUUVCQVFVQUE0SUNEd0F3Z2dJS0FvSUNBUUQ0aElLbGJweitVVlRiOHhaNDVBREUKSHRtMU02VnJwd2VLRmsvVUFlWjg5ckt1dEYyeWtybVMwcVMzVGdXUFZ3REN2YWxaVUNEek4vYlgrNitST0lDZgpHSGZBT1U1R0FldDkwZUdOeE50MlRDaWpFWEpnZkdFRjJjdXc1THhNVE1NOUdWS3lBd2c3QVhuamVQcGZhdENGCjBKU2huYVY3S1RkZ1l4Z21YaUNqSTFJejVaam5SVDNNcTZ6M1RRVFljN1AxWWpDendlUFpCTkozaElBRFhKMDQKU0E1aGNTY01CQWtUSmNXZXFLSE5uSm55WnNHaFRDVUh0VGlRWURQYnF5Y2d5REdNejhqOVBvSW9Fb1hIRmNtcQpEWGx1TXpXQkFKNkR2eWx3VHRGT2U5NHdQYjlIMnN5VkNkSDVmM2hiWGgvYi9iMjlLNm9TcFNvZkI3NnI4V1llCnNFekRXZ1BFNGdrT3BiYzEwL0xHWWQzM0FQKzc3NjIvR1F2Mnk5VDRaRy83U1ZUb1RlVHpveSs3QmVBZzBkdU0Ka3VhVjJyMnVQa1Jaa0diTFQvQW4yTyszeHZ0S2lCMGlPUkp3MVhUYXh5cVhSaEdZM0lMU3BLd1Azb1NReGtMLwpBdDV5WVg1eTZQZklnaVQrVEU2SHQ0TTIwT1NPRnAyK0l4eTFRUnJRYTh2Y2kvOGVDZjJPbGVoay9kc004cllIClFLODdyUWZxT2I2TzI0OWQyM28yYnhOM0hYUTFVamlMdElZM1dZNDkyMVN0c0F2RFZBalh3WXJUalRDbDJjaEgKZHJPQSsvMXE1U3J0azNkbGljengvalliTzhzbXJSMUZ2TFF5VjBRc204d3hFRDRJdG1oQnQ3U08yWlk2M01MbgppMXcxNzN1NXBFS3IxS3NleUw4Nk53SURBUUFCbzFZd1ZEQU9CZ05WSFE4QkFmOEVCQU1DQmFBd0V3WURWUjBsCkJBd3dDZ1lJS3dZQkJRVUhBd0l3REFZRFZSMFRBUUgvQkFJd0FEQWZCZ05WSFNNRUdEQVdnQlQydVNMQzZiM3IKUDlVMEx3N2pBUUlUUjdlNkt6QU5CZ2txaGtpRzl3MEJBUXNGQUFPQ0FnRUFlWVJqMUxXTHBvQ2R6cklqRGZ4cwpuOUZOdTZZUE5neGxRVWxMRDFmWDUySjdWci8yZFVwRnZHczdyKy9KY0kwSlVZR1BuWDh4bnRjaUp6dm1nMkdsCmordG55V0FkWXF0RnBLVDVTTVpqL1dGNER4Y1hJYkxiSGZ0bXNtSzBNRTg1b05rUmVZam1SbjR0SktYeVNBNHoKck5NQ2h3ZzlUYW9pWk9sdktHYjJIdzkvNFVWRnRMb0dldnI1cVRKUE5UZW1iSlRLTGpITG5BdnJuNTE3UWkzRwpLUVBTZGJ2RlNYTXVFWDlDdzVKRno4WU1yU051dDZBc0ZLZEpwNUZaTWNzR1ExVEZDTjNNUVp1aGxhVWVRTVVzCnFrTzg2MVZETFRONXAvOFhvSkNndGRvRW5vTzVWOUFJazhSYTZ1SEVVZGtqZkZjZWtFeHp2WGNuNC9mR1hjVjEKZjlWanhPajY0RXdrMnBkNVBOQy9KTG90RUI0NUlsTGpyNFZObzRLemdZcUp2c09hRFZzQ0x3RXV2RkFnK3lHbwpodmFwdUJVajc4bkRFc0FVSmt4a1pvTzlIOFhlNnhqYXNJeEVSTk1JeWdiL3dPR1Fnc1JSTnNkNEE4M0p5bUZTCm50cUdDWGV0Ti91alR5ZHEwYkg5MzR2VENqOVVOVGFUSnNHbzRKYWlWaTJPaUlVUlNYRGVUUEc1MGFCWGU1enkKaGdwK1BnY0NUeGxrK0p5RkVZM1JmVTBLOHBlVlk0dXYvc01ReWJReUJpQ0xzQ3B5MnRFRHNNYitWMmlPWlptMApXb29CSlp3ZlhUTjdTRDI5elRJV3R6b3didTkzR3pITnlNMHJSSzY2eW0rczhmRWlFRVY5RFZNUWdpa1JuRFNtCktEQlE2ZE9yMmxXVXJHYUc2NTdORGtzPQotLS0tLUVORCBDRVJUSUZJQ0FURS0tLS0tCg==\n    client-key-data: LS0tLS1CRUdJTiBSU0EgUFJJVkFURSBLRVktLS0tLQpNSUlKS2dJQkFBS0NBZ0VBK0lTQ3BXNmMvbEZVMi9NV2VPUUF4QjdadFRPbGE2Y0hpaFpQMUFIbWZQYXlyclJkCnNwSzVrdEtrdDA0RmoxY0F3cjJwV1ZBZzh6ZjIxL3V2a1RpQW54aDN3RGxPUmdIcmZkSGhqY1RiZGt3b294RnkKWUh4aEJkbkxzT1M4VEV6RFBSbFNzZ01JT3dGNTQzajZYMnJRaGRDVW9aMmxleWszWUdNWUpsNGdveU5TTStXWQo1MFU5ekt1czkwMEUySE96OVdJd3M4SGoyUVRTZDRTQUExeWRPRWdPWVhFbkRBUUpFeVhGbnFpaHpaeVo4bWJCCm9Vd2xCN1U0a0dBejI2c25JTWd4ak0vSS9UNkNLQktGeHhYSnFnMTViak0xZ1FDZWc3OHBjRTdSVG52ZU1EMi8KUjlyTWxRblIrWDk0VzE0ZjIvMjl2U3VxRXFVcUh3ZStxL0ZtSHJCTXcxb0R4T0lKRHFXM05kUHl4bUhkOXdELwp1Kyt0dnhrTDlzdlUrR1J2KzBsVTZFM2s4Nk12dXdYZ0lOSGJqSkxtbGRxOXJqNUVXWkJteTAvd0o5anZ0OGI3ClNvZ2RJamtTY05WMDJzY3FsMFlSbU55QzBxU3NEOTZFa01aQy93TGVjbUYrY3VqM3lJSWsva3hPaDdlRE50RGsKamhhZHZpTWN0VUVhMEd2TDNJdi9IZ245anBYb1pQM2JEUEsyQjBDdk82MEg2am0ranR1UFhkdDZObThUZHgxMApOVkk0aTdTR04xbU9QZHRVcmJBTHcxUUkxOEdLMDQwd3BkbklSM2F6Z1B2OWF1VXE3Wk4zWlluTThmNDJHenZMCkpxMGRSYnkwTWxkRUxKdk1NUkErQ0xab1FiZTBqdG1XT3R6QzU0dGNOZTk3dWFSQ3E5U3JIc2kvT2pjQ0F3RUEKQVFLQ0FnQmxBLy9TM001bHRZdUh5QnlYVVI1YW1hdW1zdktIZXFKZTU4alZCVnk1Nk5FaW9HQUJxUkJUZE5uTgpSS0tQN0M1NytmbnZPdG5aNHlLc0Vqc0FEWGFDdE1CZ1d5ck0zQlRyMUxjWkdDNll2RVk4V21naWZndzJBNXgvCkw4cTJQUEdUVVVyQzN1YW1qV2dOSld5b0FsUDJRSjFad0NtMmtUOVlKNDkyY1FaVktaTk5Vd00rNW05RFZYaisKSU1sYWJsVjA1YytrRWFqYTJ0SHVFT2F6OXg1VTlUMGJNSkpObVFwVFJTUTU1Sk80YnZKSWpLb2lOVUJNRE1hTQpNUDZEU09PanVKd2pmNFpVSWVkb0FIZHVRQlh6MEh4T1pmUldsbmpZVm9peWhPY2hQc3BHMDZKL3c1a3E3NDN4CkczWkJ0VlcvNXprTHZzYm53MGtHeWZBZ0ZnU0tvZExRM2ZtSklkQ1UzZmRTVEZhM3FUZ3NtYlVybEJkRjY1STgKek1XWmpmdStBOXE2MVF2UUFzQTBVNkR3ZmxHZzVNRGgwU2tWYStCd0IreHFteVMvNEVSc1l2K3BpNnpSZXd2NQpwMWdqR2Y1dmtRQ2FUVk5PTEIwWjRodGR6a2U0ZytnU050RWxtdklZTDJqSEN5VTZhQUNvcU4wMFJCemo4MUxtCnJjc05tYWFDSUJEZTRNT1JnZjRKMGc2eFNnaXdPa1NKQnZLVHpmbHdkZVlFNTI3ZHp5MlMraHBJVnloUVNNTloKN2pqYWpRdkpQVFV3YU1ONjI4NGNhbCs0OFZEMWZSMlQrUzFtTkdlQnVhVlVMRW02T1Z3aFhYT1FQbnJpY25LVQp2aTNhd09VcHNLbWN0KzFVRk90Vk9GWlRuTzNDS04rSUtuWS9uWmo5WlFuYkdlbit1UUtDQVFFQSt6RXZ3K3IzCkgwR3hnOFJReExXZHh5VnF3RWRVaVdPTHk0enJUKzFTcnpESU9QREpSbDh3MWFSamVQNTVCdHFPQU9Jb2dqV2MKQnlMQ0RqTEZWMjkyQ3BSM2h6MlpTUXhqYTRNQU0rMWZNRGRSM2hYZGU3NU5uR2xvaDQzUE9DQVRDV3lCeXQxNAo4N3A2NGwzTzRUZlYwRnhONmZDVlJJUDZnRklKRzQrQkZIRHR0cVVCK1NuVFIrUjdCUEhSaU1HN3MxUXZzL3lHCkpOMjk1aDhmOStIYzJPQjlrUzhsKzZyM2JwNzZVamk4Wm1WWUZOM2EvMHQ3QjJzTzJXR1l2a3ord3FVeUpRSUMKclgvOHRsWDFUOGpYR1VTcFlwb0srV3NZL0JNV3dhZjRMOGRVZlk4TUJwUUdlVGhQbEVTUEpQaGxUOThpNjNTQQo3K0F0bzY4cVk4YzdOUUtDQVFFQS9VWTRDek02NnNtdXorV21VYjFmOVZxbWkvemh2ZGtEbWE2K3hId3g4TkQwCk14RDZqOHVZbHl0Rk4xSkRqdnFWSUVrVFJXc1NnUWlDdk96cUFCVGhUdGsyVVYxOXlCNkxNdCswajQrRExpWDgKdGxBRW9EbmZNR0VlQjh0b0JjUVFVRExBeWhzZjZwMGRCWXhLZlljUEc1cEM4VXR1V1B3VUViMS9SV0owUS8xMQplNWhMMlpxWkI3dDV6Y2JPUzVpNms1cTZyVzFzdEx6Wi81eGM3endvdjVoZVBCVG80bWFSYllKc1Vzc25NMjRiClBEcU1YNmhlT1RUbUNPSnc2b2VDZnpxdm10dkc2bjRxc2ZQWFA4cm16clBIdWlTSUhKR0FhZVlweFdLYzVQT2cKRkhRa1BIMWQ1NlZLUFNvZDJtU2Fqd3BsNjhjODBiVmpmQ2FtZ2YvaE93S0NBUUVBME1CUHNjSFRIV2E2MzRhRwptUE5WNitwc2pONjZvbkxYK3BGaC9VcDlMSnFkeXJSUWtPc0s2b0Z6S1ZwUnVpQm5ZdFNRVmFXM3hUWmRqdThpCmtVZFFFZnJRV3RRV1QxNjhRTnpkamtuMmtWdG43ZWk5NTloL0p6MXlZVFM0d1N2bXBpNUdyeERmTTY0RjhabUUKRkNjU3lkWHI2ajdGemVyZ2cwT3B6ZjIwaUFoUmhUZ2NLN1ZXb0tpQWs5dGpCd1A1dVU1OVZsYkdKRjBqTTlzcAo5aGIrTWo1ZUhBblN4eE9PRGFDUTUwTy9UbGxxbWV6RjB1UW5ta0tlVkltSEpwOVdHT3l3ZjVEc0tNUDBnSk52CkNwOGVJeUdzb3dUaG1lWW5IVlcvMDdDRDBURVdSa0phL0J5SVJMVkhiVENNeFd5b3hYZnF6VUpFNVJTbzJSNzUKVzNKM0FRS0NBUUVBb3luVmVRR3I5dzJ1M0tmcG1jY1NScEg3c1R0Y2dsMklBRDJmRUIyaVhxMStaRmVQMDRzcAo1bGt0NGhIUkRBOUtldDRZMkNPK2EvbjduNUpRdlhTMklZRzFpSDFlUnNuR2l5T3F3c0dGbFBsTDhIZGtRNFNFCjBEb0FpcXp6ZXFOd2p2bmpVVkJnSTFqTUZZTG5paTYwQU9oRU1BYVVOQ2RSRm95cHJSMWNJV0RyaW8vMmJWMDMKTU5BS0RCTURXNWdzdW1KMzJMb2h5ZDNQNHVmc3h3Sk9qZit1MWEzeXljZWg4SmFSQ2xWdUQ2ZmpTODI4R1BQeQpuNUFBa2NDdlZhZXUzaUFFZVJNVTlvUUpKVk1kWEM5dXVjTC83RjhVZ0xNTHN5MWZ3NVZmMWU5Tk5XQU02QnNyCm44dlFJODg2SkRPampucjRaZ2lZbWREdElsSVQrclBKZVFLQ0FRRUFoQ0J1S0VVdnZaOFN6WEhobzl1c2cwVmEKWEl0UE9ZY2FYbnFpV2h6aW9WK1lJZWZWcDdmU3VEQzdXYUc5UmwzZ3dNZGN4MjdicTR5RG1EelQ5TFJqL0ZBUwpPS1dKYmd1Wi94NkZ2QVZaODllT3Z3NmsycVI2UVF5bXhrMU14V3ZCN21TNnZMY0VmNHIzaFZGNXZnSFlBN0ZEClJtMzNNMHJwOVo2ZEx5aWZVOWhXNDI4bjJqNkxkMXlDaUV0b2l1a3kxa3lWd1hkSWk2NU5CcllyWEZJak1pQU4KNWFBWlZaTVp2MHd3VVY5S0NTdXdBYVV1d1VSZDJ3MCtHZld6ZUt3UzBNZm1KWE5Id0NQU1NCeUZlQkw1MFU1NQorczg5SCs0MkF2UG1jUVRiNlVIYTZoclN1UVRyYmpnMDZpVTJiNVdDeGp2TGxNU01uU3FlM25oRlJvOStwZz09Ci0tLS0tRU5EIFJTQSBQUklWQVRFIEtFWS0tLS0tCg==\n    token: 731a354d05a08c7220009f786b4de2f09f235e29d36c445614c5727e238ae89009538fe322320bdaeb083a7e82ffddca7b4dbfdd41dafe9a4fcecb4d426620ff\n",
            "kube_config": [
              {
                "client_certificate": "",
                "client_key": "",
                "cluster_ca_certificate": "LS0tLS1CRUdJTiBDRVJUSUZJQ0FURS0tLS0tCk1JSUU2VENDQXRHZ0F3SUJBZ0lSQU1HZDRjdmpEWFdTR3hWekJCWFdqN0F3RFFZSktvWklodmNOQVFFTEJRQXcKRFRFTE1Ba0dBMVVFQXhNQ1kyRXdJQmNOTWpJd05USTFNVFl5TURVd1doZ1BNakExTWpBMU1qVXhOak13TlRCYQpNQTB4Q3pBSkJnTlZCQU1UQW1OaE1JSUNJakFOQmdrcWhraUc5dzBCQVFFRkFBT0NBZzhBTUlJQ0NnS0NBZ0VBCnhLejIvU1djM1dhVjRRWThRQTFjMXlvNEFKTW9tTVFsNEtITUdCaUFnaWErQndHTEVYd29qTHV0RXBha3dpV2kKelNlSkNUa3U5aEVVWm5jQU9nRHNLSjYwY2tEdjdmQlZOYW5WWUxZOTlPWXdLVXFPUm4wVFpwN004VmZ1eUcrMwpEd0hpeGJWTjFCbm56MnhSLzFIMEgzUXdtK3pFL285b3lrMzNWYzN2aWFaQTZUcVQ5aXRKUGhaSkthOXozK2RxCmRrRjlCNUtQeU4ybnNZTUpqeUNHeEQwODNhbjA4REZPVVVxY0llRlg4U0RPcEFVL1BUcFgrR25tV3lnTG96dnQKU0h5MTFYOFVTYzY1MjJEM2ZGL3BtQ2w1anI4dU42ZU1odlBBVDJUMjZacUNKZTJMQjNFd1JsNGJOaFBjYU00ZQpWNE1KRHhnRDJpMm9LVURsK0NYdXlQY1pzZXdrVW9adVRXK2d1L25ZZUlsc3FLdzhoTjZqZEF0cGlWSUZFMTYwCktLOUU3dUNtL3FkL2d4eUFKRVVtbkI1VWN2UDl5QWppdm1CS1ZibDVibDhLYmpYNk8wVG01Rk5WaFlDamh5alYKQndGQkp6N2lROGxJWTZYZ0MxcVZCSmtacTQxZ3ZxTmZ4eTAzRmxFb3BGNmlNZ3ExU2hKU2k2OC9peEdBNXN3eQpjMVUzRmljc1FuekJYdklVWEZDUVFjZVNoL2lxTXZZcFJTZHp1aEVOT244NXFCNS9iMk42VW1oYmY3WWxyRTZxCjlHbXdlekdLVy9PdlEzY2VaSmZpQkZKWnZub0xoRlBkZktWMVhxcjR4dWozcXEvclV1ZGUydWlSOTlNS2w1SGIKVHFkQVFDbGRZSE5IYUNKcFhBclVuZWVMV0RRbTVWVUd6RFpSdTlaVjhrMENBd0VBQWFOQ01FQXdEZ1lEVlIwUApBUUgvQkFRREFnS2tNQThHQTFVZEV3RUIvd1FGTUFNQkFmOHdIUVlEVlIwT0JCWUVGUGE1SXNMcHZlcy8xVFF2CkR1TUJBaE5IdDdvck1BMEdDU3FHU0liM0RRRUJDd1VBQTRJQ0FRQ2cvb0o4K3dndUJaaVlTdXVaSW15YjZ3c3IKK1o3TDNGQldIcUphMStTUzVOTEU0Z0NWSkhLa0dJVVJ3YUlXMkIyTHZaa3UrRDh2THBUVXMvbFFMSUR6ZjFTMgpLeWlCeExRQlVBcW1lMTFSNkYraWludWJBeVd2V2gxenF1LytmbGVtK3htVnFXN0dWVllZajFmN3pyZHphbXNXCkdOT21ieEJOWXRIQ3RsZzFUZzQveHpyaWV5MW9CTjVlZDNDcy9vQUZ6YXJOOUNyZkVuQmplREF1RVpMR3dadmgKUTVvdVhpMmk0ZW0xNVNFVlhxc3lpMEh1UGxob2dwWCtBQmhneXF5cVB2cjN1d1ltTW5ObElJd1REMGdMcmVJKwpjYkRZcUFvWGpqbUlUUVVJODZGSjJYYTZXdjlTVnVGZ0dJd2pVajlDT2NLZnBiSmpQTHFSSi8zRXMzNm55L1J5ClRSOHUrZnlweUNwMWpuZEV5L29wNDJvbkxzNVUzWEpWUXBkamhROUZlbFBhdzhYdmVKZzNvMDI2RWlMaUxrbEEKUkJ6bkJsK1N3ZVVJRjgvWUU1SnE2bHlDM09lL0xJMGYvdVpuRzlMM0tnMVY0TUVLR05scW5KSlZsNmx4QkcyVApXS0FXdWFyNDJvVUJlaE1IeXppNm94OXBpWWM3Nzd0TzRpbEx1UFFwM3c4eEpTalRlbDE4bVNXdU1OMmRCYjhJCkJkb0JOTVFVYTFnZTdMeDRMdm9PQWE4NHIxTWVyejQ0ODgwS3N6bk5aNW5MdkdIOGdDdHMydDB6M28rSnMzMjkKdzRaTEtFUzRtQko4VDB2cFRMTDc2aWdjZ09wQm5hWGRId2E1Mk9BOXlqclpwYUkxQ0xaV0lSMEtUU1V1NURMKwpkaDFrRkVPTjZIQ1Bid1B3MlE9PQotLS0tLUVORCBDRVJUSUZJQ0FURS0tLS0tCg==",
                "host": "https://local-dev-aks-0000-dns-6ab829bc.hcp.eastus.azmk8s.io:443",
                "password": "",
                "username": "clusterUser_local-dev_local-dev-aks-0000"
              }
            ],
            "kube_config_raw": "apiVersion: v1\nclusters:\n- cluster:\n    certificate-authority-data: LS0tLS1CRUdJTiBDRVJUSUZJQ0FURS0tLS0tCk1JSUU2VENDQXRHZ0F3SUJBZ0lSQU1HZDRjdmpEWFdTR3hWekJCWFdqN0F3RFFZSktvWklodmNOQVFFTEJRQXcKRFRFTE1Ba0dBMVVFQXhNQ1kyRXdJQmNOTWpJd05USTFNVFl5TURVd1doZ1BNakExTWpBMU1qVXhOak13TlRCYQpNQTB4Q3pBSkJnTlZCQU1UQW1OaE1JSUNJakFOQmdrcWhraUc5dzBCQVFFRkFBT0NBZzhBTUlJQ0NnS0NBZ0VBCnhLejIvU1djM1dhVjRRWThRQTFjMXlvNEFKTW9tTVFsNEtITUdCaUFnaWErQndHTEVYd29qTHV0RXBha3dpV2kKelNlSkNUa3U5aEVVWm5jQU9nRHNLSjYwY2tEdjdmQlZOYW5WWUxZOTlPWXdLVXFPUm4wVFpwN004VmZ1eUcrMwpEd0hpeGJWTjFCbm56MnhSLzFIMEgzUXdtK3pFL285b3lrMzNWYzN2aWFaQTZUcVQ5aXRKUGhaSkthOXozK2RxCmRrRjlCNUtQeU4ybnNZTUpqeUNHeEQwODNhbjA4REZPVVVxY0llRlg4U0RPcEFVL1BUcFgrR25tV3lnTG96dnQKU0h5MTFYOFVTYzY1MjJEM2ZGL3BtQ2w1anI4dU42ZU1odlBBVDJUMjZacUNKZTJMQjNFd1JsNGJOaFBjYU00ZQpWNE1KRHhnRDJpMm9LVURsK0NYdXlQY1pzZXdrVW9adVRXK2d1L25ZZUlsc3FLdzhoTjZqZEF0cGlWSUZFMTYwCktLOUU3dUNtL3FkL2d4eUFKRVVtbkI1VWN2UDl5QWppdm1CS1ZibDVibDhLYmpYNk8wVG01Rk5WaFlDamh5alYKQndGQkp6N2lROGxJWTZYZ0MxcVZCSmtacTQxZ3ZxTmZ4eTAzRmxFb3BGNmlNZ3ExU2hKU2k2OC9peEdBNXN3eQpjMVUzRmljc1FuekJYdklVWEZDUVFjZVNoL2lxTXZZcFJTZHp1aEVOT244NXFCNS9iMk42VW1oYmY3WWxyRTZxCjlHbXdlekdLVy9PdlEzY2VaSmZpQkZKWnZub0xoRlBkZktWMVhxcjR4dWozcXEvclV1ZGUydWlSOTlNS2w1SGIKVHFkQVFDbGRZSE5IYUNKcFhBclVuZWVMV0RRbTVWVUd6RFpSdTlaVjhrMENBd0VBQWFOQ01FQXdEZ1lEVlIwUApBUUgvQkFRREFnS2tNQThHQTFVZEV3RUIvd1FGTUFNQkFmOHdIUVlEVlIwT0JCWUVGUGE1SXNMcHZlcy8xVFF2CkR1TUJBaE5IdDdvck1BMEdDU3FHU0liM0RRRUJDd1VBQTRJQ0FRQ2cvb0o4K3dndUJaaVlTdXVaSW15YjZ3c3IKK1o3TDNGQldIcUphMStTUzVOTEU0Z0NWSkhLa0dJVVJ3YUlXMkIyTHZaa3UrRDh2THBUVXMvbFFMSUR6ZjFTMgpLeWlCeExRQlVBcW1lMTFSNkYraWludWJBeVd2V2gxenF1LytmbGVtK3htVnFXN0dWVllZajFmN3pyZHphbXNXCkdOT21ieEJOWXRIQ3RsZzFUZzQveHpyaWV5MW9CTjVlZDNDcy9vQUZ6YXJOOUNyZkVuQmplREF1RVpMR3dadmgKUTVvdVhpMmk0ZW0xNVNFVlhxc3lpMEh1UGxob2dwWCtBQmhneXF5cVB2cjN1d1ltTW5ObElJd1REMGdMcmVJKwpjYkRZcUFvWGpqbUlUUVVJODZGSjJYYTZXdjlTVnVGZ0dJd2pVajlDT2NLZnBiSmpQTHFSSi8zRXMzNm55L1J5ClRSOHUrZnlweUNwMWpuZEV5L29wNDJvbkxzNVUzWEpWUXBkamhROUZlbFBhdzhYdmVKZzNvMDI2RWlMaUxrbEEKUkJ6bkJsK1N3ZVVJRjgvWUU1SnE2bHlDM09lL0xJMGYvdVpuRzlMM0tnMVY0TUVLR05scW5KSlZsNmx4QkcyVApXS0FXdWFyNDJvVUJlaE1IeXppNm94OXBpWWM3Nzd0TzRpbEx1UFFwM3c4eEpTalRlbDE4bVNXdU1OMmRCYjhJCkJkb0JOTVFVYTFnZTdMeDRMdm9PQWE4NHIxTWVyejQ0ODgwS3N6bk5aNW5MdkdIOGdDdHMydDB6M28rSnMzMjkKdzRaTEtFUzRtQko4VDB2cFRMTDc2aWdjZ09wQm5hWGRId2E1Mk9BOXlqclpwYUkxQ0xaV0lSMEtUU1V1NURMKwpkaDFrRkVPTjZIQ1Bid1B3MlE9PQotLS0tLUVORCBDRVJUSUZJQ0FURS0tLS0tCg==\n    server: https://local-dev-aks-0000-dns-6ab829bc.hcp.eastus.azmk8s.io:443\n  name: local-dev-aks-0000\ncontexts:\n- context:\n    cluster: local-dev-aks-0000\n    user: clusterUser_local-dev_local-dev-aks-0000\n  name: local-dev-aks-0000\ncurrent-context: local-dev-aks-0000\nkind: Config\npreferences: {}\nusers:\n- name: clusterUser_local-dev_local-dev-aks-0000\n  user:\n    auth-provider:\n      config:\n        apiserver-id: 6dae42f8-4368-4678-94ff-3960e28e3630\n        client-id: 80faf920-1908-4b52-b5ef-a8e7bedfc67a\n        config-mode: \"1\"\n        environment: AzurePublicCloud\n        tenant-id: 565f19fb-40ea-44d1-8ae8-9912a017ef09\n      name: azure\n",
            "kubelet_identity": [
              {
                "client_id": "8ae3558c-bfbd-4005-9485-df22268cbd04",
                "object_id": "489dcce2-c0e4-4c14-9ce8-65350becc2a2",
                "user_assigned_identity_id": "/subscriptions/4718857a-5dbe-452c-a172-21a3ae74304f/resourceGroups/MC_local-dev_local-dev-aks-0000_eastus/providers/Microsoft.ManagedIdentity/userAssignedIdentities/local-dev-aks-0000-agentpool"
              }
            ],
            "kubernetes_version": "1.23.3",
            "linux_profile": [
              {
                "admin_username": "",
                "ssh_key": []
              }
            ],
            "location": "eastus",
            "microsoft_defender": [],
            "name": "local-dev-aks-0000",
            "network_profile": [
              {
                "dns_service_ip": "10.1.0.10",
                "docker_bridge_cidr": "170.10.0.1/16",
                "load_balancer_sku": "Standard",
                "network_plugin": "azure",
                "network_policy": "azure",
                "pod_cidr": "",
                "service_cidr": "10.1.0.0/16"
              }
            ],
            "node_resource_group": "MC_local-dev_local-dev-aks-0000_eastus",
            "oidc_issuer_enabled": false,
            "oidc_issuer_url": "",
            "oms_agent": [],
            "open_service_mesh_enabled": false,
            "private_cluster_enabled": false,
            "private_fqdn": "",
            "resource_group_name": "local-dev",
            "role_based_access_control_enabled": true,
            "service_principal": [
              {
                "client_id": "msi"
              }
            ],
            "tags": {
              "md-manifest": "aks",
              "md-project": "local",
              "md-target": "dev"
            },
            "timeouts": null,
            "windows_profile": [
              {
                "admin_username": "azureuser"
              }
            ]
          },
          "sensitive_attributes": []
        }
      ]
    },
    {
      "mode": "managed",
      "type": "kubernetes_manifest",
      "name": "cluster_issuer",
      "provider": "provider[\"registry.terraform.io/hashicorp/kubernetes\"]",
      "instances": [
        {
          "index_key": 0,
          "schema_version": 1,
          "attributes": {
            "computed_fields": null,
            "field_manager": [],
            "manifest": {
              "value": {
                "apiVersion": "cert-manager.io/v1",
                "kind": "ClusterIssuer",
                "metadata": {
                  "name": "letsencrypt-prod"
                },
                "spec": {
                  "acme": {
                    "email": "support+letsencrypt@massdriver.cloud",
                    "privateKeySecretRef": {
                      "name": "letsencrypt-prod-issuer-account-key"
                    },
                    "server": "https://acme-v02.api.letsencrypt.org/directory",
                    "solvers": [
                      {
                        "dns01": {
                          "azureDNS": {
                            "clientID": "db8c4488-ca94-47d3-b7e5-75383c934907",
                            "clientSecretSecretRef": {
                              "key": "client-cert",
                              "name": "cert-manager-auth"
                            },
                            "hostedZoneName": "mdazuresbx.com",
                            "resourceGroupName": "mdazuresbx-domain",
                            "subscriptionID": "4718857a-5dbe-452c-a172-21a3ae74304f",
                            "tenantID": "565f19fb-40ea-44d1-8ae8-9912a017ef09"
                          }
                        },
                        "selector": {
                          "dnsZones": [
                            "mdazuresbx.com"
                          ]
                        }
                      }
                    ]
                  }
                }
              },
              "type": [
                "object",
                {
                  "apiVersion": "string",
                  "kind": "string",
                  "metadata": [
                    "object",
                    {
                      "name": "string"
                    }
                  ],
                  "spec": [
                    "object",
                    {
                      "acme": [
                        "object",
                        {
                          "email": "string",
                          "privateKeySecretRef": [
                            "object",
                            {
                              "name": "string"
                            }
                          ],
                          "server": "string",
                          "solvers": [
                            "tuple",
                            [
                              [
                                "object",
                                {
                                  "dns01": [
                                    "object",
                                    {
                                      "azureDNS": [
                                        "object",
                                        {
                                          "clientID": "string",
                                          "clientSecretSecretRef": [
                                            "object",
                                            {
                                              "key": "string",
                                              "name": "string"
                                            }
                                          ],
                                          "hostedZoneName": "string",
                                          "resourceGroupName": "string",
                                          "subscriptionID": "string",
                                          "tenantID": "string"
                                        }
                                      ]
                                    }
                                  ],
                                  "selector": [
                                    "object",
                                    {
                                      "dnsZones": [
                                        "tuple",
                                        [
                                          "string"
                                        ]
                                      ]
                                    }
                                  ]
                                }
                              ]
                            ]
                          ]
                        }
                      ]
                    }
                  ]
                }
              ]
            },
            "object": {
              "value": {
                "apiVersion": "cert-manager.io/v1",
                "kind": "ClusterIssuer",
                "metadata": {
                  "annotations": null,
                  "clusterName": null,
                  "creationTimestamp": null,
                  "deletionGracePeriodSeconds": null,
                  "deletionTimestamp": null,
                  "finalizers": null,
                  "generateName": null,
                  "generation": null,
                  "labels": null,
                  "managedFields": null,
                  "name": "letsencrypt-prod",
                  "namespace": null,
                  "ownerReferences": null,
                  "resourceVersion": null,
                  "selfLink": null,
                  "uid": null
                },
                "spec": {
                  "acme": {
                    "disableAccountKeyGeneration": null,
                    "email": "support+letsencrypt@massdriver.cloud",
                    "enableDurationFeature": null,
                    "externalAccountBinding": {
                      "keyAlgorithm": null,
                      "keyID": null,
                      "keySecretRef": {
                        "key": null,
                        "name": null
                      }
                    },
                    "preferredChain": "",
                    "privateKeySecretRef": {
                      "key": null,
                      "name": "letsencrypt-prod-issuer-account-key"
                    },
                    "server": "https://acme-v02.api.letsencrypt.org/directory",
                    "skipTLSVerify": null,
                    "solvers": [
                      {
                        "dns01": {
                          "acmeDNS": {
                            "accountSecretRef": {
                              "key": null,
                              "name": null
                            },
                            "host": null
                          },
                          "akamai": {
                            "accessTokenSecretRef": {
                              "key": null,
                              "name": null
                            },
                            "clientSecretSecretRef": {
                              "key": null,
                              "name": null
                            },
                            "clientTokenSecretRef": {
                              "key": null,
                              "name": null
                            },
                            "serviceConsumerDomain": null
                          },
                          "azureDNS": {
                            "clientID": "db8c4488-ca94-47d3-b7e5-75383c934907",
                            "clientSecretSecretRef": {
                              "key": "client-cert",
                              "name": "cert-manager-auth"
                            },
                            "environment": null,
                            "hostedZoneName": "mdazuresbx.com",
                            "managedIdentity": {
                              "clientID": null,
                              "resourceID": null
                            },
                            "resourceGroupName": "mdazuresbx-domain",
                            "subscriptionID": "4718857a-5dbe-452c-a172-21a3ae74304f",
                            "tenantID": "565f19fb-40ea-44d1-8ae8-9912a017ef09"
                          },
                          "cloudDNS": {
                            "hostedZoneName": null,
                            "project": null,
                            "serviceAccountSecretRef": {
                              "key": null,
                              "name": null
                            }
                          },
                          "cloudflare": {
                            "apiKeySecretRef": {
                              "key": null,
                              "name": null
                            },
                            "apiTokenSecretRef": {
                              "key": null,
                              "name": null
                            },
                            "email": null
                          },
                          "cnameStrategy": null,
                          "digitalocean": {
                            "tokenSecretRef": {
                              "key": null,
                              "name": null
                            }
                          },
                          "rfc2136": {
                            "nameserver": null,
                            "tsigAlgorithm": null,
                            "tsigKeyName": null,
                            "tsigSecretSecretRef": {
                              "key": null,
                              "name": null
                            }
                          },
                          "route53": {
                            "accessKeyID": null,
                            "hostedZoneID": null,
                            "region": null,
                            "role": null,
                            "secretAccessKeySecretRef": {
                              "key": null,
                              "name": null
                            }
                          },
                          "webhook": {
                            "config": null,
                            "groupName": null,
                            "solverName": null
                          }
                        },
                        "http01": {
                          "gatewayHTTPRoute": {
                            "labels": null,
                            "serviceType": null
                          },
                          "ingress": {
                            "class": null,
                            "ingressTemplate": {
                              "metadata": {
                                "annotations": null,
                                "labels": null
                              }
                            },
                            "name": null,
                            "podTemplate": {
                              "metadata": {
                                "annotations": null,
                                "labels": null
                              },
                              "spec": {
                                "affinity": {
                                  "nodeAffinity": {
                                    "preferredDuringSchedulingIgnoredDuringExecution": null,
                                    "requiredDuringSchedulingIgnoredDuringExecution": {
                                      "nodeSelectorTerms": null
                                    }
                                  },
                                  "podAffinity": {
                                    "preferredDuringSchedulingIgnoredDuringExecution": null,
                                    "requiredDuringSchedulingIgnoredDuringExecution": null
                                  },
                                  "podAntiAffinity": {
                                    "preferredDuringSchedulingIgnoredDuringExecution": null,
                                    "requiredDuringSchedulingIgnoredDuringExecution": null
                                  }
                                },
                                "nodeSelector": null,
                                "priorityClassName": null,
                                "serviceAccountName": null,
                                "tolerations": null
                              }
                            },
                            "serviceType": null
                          }
                        },
                        "selector": {
                          "dnsNames": null,
                          "dnsZones": [
                            "mdazuresbx.com"
                          ],
                          "matchLabels": null
                        }
                      }
                    ]
                  },
                  "ca": {
                    "crlDistributionPoints": null,
                    "ocspServers": null,
                    "secretName": null
                  },
                  "selfSigned": {
                    "crlDistributionPoints": null
                  },
                  "vault": {
                    "auth": {
                      "appRole": {
                        "path": null,
                        "roleId": null,
                        "secretRef": {
                          "key": null,
                          "name": null
                        }
                      },
                      "kubernetes": {
                        "mountPath": null,
                        "role": null,
                        "secretRef": {
                          "key": null,
                          "name": null
                        }
                      },
                      "tokenSecretRef": {
                        "key": null,
                        "name": null
                      }
                    },
                    "caBundle": null,
                    "namespace": null,
                    "path": null,
                    "server": null
                  },
                  "venafi": {
                    "cloud": {
                      "apiTokenSecretRef": {
                        "key": null,
                        "name": null
                      },
                      "url": null
                    },
                    "tpp": {
                      "caBundle": null,
                      "credentialsRef": {
                        "name": null
                      },
                      "url": null
                    },
                    "zone": null
                  }
                }
              },
              "type": [
                "object",
                {
                  "apiVersion": "string",
                  "kind": "string",
                  "metadata": [
                    "object",
                    {
                      "annotations": [
                        "map",
                        "string"
                      ],
                      "clusterName": "string",
                      "creationTimestamp": "string",
                      "deletionGracePeriodSeconds": "number",
                      "deletionTimestamp": "string",
                      "finalizers": [
                        "list",
                        "string"
                      ],
                      "generateName": "string",
                      "generation": "number",
                      "labels": [
                        "map",
                        "string"
                      ],
                      "managedFields": [
                        "tuple",
                        [
                          [
                            "object",
                            {
                              "apiVersion": "string",
                              "fieldsType": "string",
                              "fieldsV1": "dynamic",
                              "manager": "string",
                              "operation": "string",
                              "subresource": "string",
                              "time": "string"
                            }
                          ]
                        ]
                      ],
                      "name": "string",
                      "namespace": "string",
                      "ownerReferences": [
                        "list",
                        [
                          "object",
                          {
                            "apiVersion": "string",
                            "blockOwnerDeletion": "bool",
                            "controller": "bool",
                            "kind": "string",
                            "name": "string",
                            "uid": "string"
                          }
                        ]
                      ],
                      "resourceVersion": "string",
                      "selfLink": "string",
                      "uid": "string"
                    }
                  ],
                  "spec": [
                    "object",
                    {
                      "acme": [
                        "object",
                        {
                          "disableAccountKeyGeneration": "bool",
                          "email": "string",
                          "enableDurationFeature": "bool",
                          "externalAccountBinding": [
                            "object",
                            {
                              "keyAlgorithm": "string",
                              "keyID": "string",
                              "keySecretRef": [
                                "object",
                                {
                                  "key": "string",
                                  "name": "string"
                                }
                              ]
                            }
                          ],
                          "preferredChain": "string",
                          "privateKeySecretRef": [
                            "object",
                            {
                              "key": "string",
                              "name": "string"
                            }
                          ],
                          "server": "string",
                          "skipTLSVerify": "bool",
                          "solvers": [
                            "tuple",
                            [
                              [
                                "object",
                                {
                                  "dns01": [
                                    "object",
                                    {
                                      "acmeDNS": [
                                        "object",
                                        {
                                          "accountSecretRef": [
                                            "object",
                                            {
                                              "key": "string",
                                              "name": "string"
                                            }
                                          ],
                                          "host": "string"
                                        }
                                      ],
                                      "akamai": [
                                        "object",
                                        {
                                          "accessTokenSecretRef": [
                                            "object",
                                            {
                                              "key": "string",
                                              "name": "string"
                                            }
                                          ],
                                          "clientSecretSecretRef": [
                                            "object",
                                            {
                                              "key": "string",
                                              "name": "string"
                                            }
                                          ],
                                          "clientTokenSecretRef": [
                                            "object",
                                            {
                                              "key": "string",
                                              "name": "string"
                                            }
                                          ],
                                          "serviceConsumerDomain": "string"
                                        }
                                      ],
                                      "azureDNS": [
                                        "object",
                                        {
                                          "clientID": "string",
                                          "clientSecretSecretRef": [
                                            "object",
                                            {
                                              "key": "string",
                                              "name": "string"
                                            }
                                          ],
                                          "environment": "string",
                                          "hostedZoneName": "string",
                                          "managedIdentity": [
                                            "object",
                                            {
                                              "clientID": "string",
                                              "resourceID": "string"
                                            }
                                          ],
                                          "resourceGroupName": "string",
                                          "subscriptionID": "string",
                                          "tenantID": "string"
                                        }
                                      ],
                                      "cloudDNS": [
                                        "object",
                                        {
                                          "hostedZoneName": "string",
                                          "project": "string",
                                          "serviceAccountSecretRef": [
                                            "object",
                                            {
                                              "key": "string",
                                              "name": "string"
                                            }
                                          ]
                                        }
                                      ],
                                      "cloudflare": [
                                        "object",
                                        {
                                          "apiKeySecretRef": [
                                            "object",
                                            {
                                              "key": "string",
                                              "name": "string"
                                            }
                                          ],
                                          "apiTokenSecretRef": [
                                            "object",
                                            {
                                              "key": "string",
                                              "name": "string"
                                            }
                                          ],
                                          "email": "string"
                                        }
                                      ],
                                      "cnameStrategy": "string",
                                      "digitalocean": [
                                        "object",
                                        {
                                          "tokenSecretRef": [
                                            "object",
                                            {
                                              "key": "string",
                                              "name": "string"
                                            }
                                          ]
                                        }
                                      ],
                                      "rfc2136": [
                                        "object",
                                        {
                                          "nameserver": "string",
                                          "tsigAlgorithm": "string",
                                          "tsigKeyName": "string",
                                          "tsigSecretSecretRef": [
                                            "object",
                                            {
                                              "key": "string",
                                              "name": "string"
                                            }
                                          ]
                                        }
                                      ],
                                      "route53": [
                                        "object",
                                        {
                                          "accessKeyID": "string",
                                          "hostedZoneID": "string",
                                          "region": "string",
                                          "role": "string",
                                          "secretAccessKeySecretRef": [
                                            "object",
                                            {
                                              "key": "string",
                                              "name": "string"
                                            }
                                          ]
                                        }
                                      ],
                                      "webhook": [
                                        "object",
                                        {
                                          "config": "dynamic",
                                          "groupName": "string",
                                          "solverName": "string"
                                        }
                                      ]
                                    }
                                  ],
                                  "http01": [
                                    "object",
                                    {
                                      "gatewayHTTPRoute": [
                                        "object",
                                        {
                                          "labels": [
                                            "map",
                                            "string"
                                          ],
                                          "serviceType": "string"
                                        }
                                      ],
                                      "ingress": [
                                        "object",
                                        {
                                          "class": "string",
                                          "ingressTemplate": [
                                            "object",
                                            {
                                              "metadata": [
                                                "object",
                                                {
                                                  "annotations": [
                                                    "map",
                                                    "string"
                                                  ],
                                                  "labels": [
                                                    "map",
                                                    "string"
                                                  ]
                                                }
                                              ]
                                            }
                                          ],
                                          "name": "string",
                                          "podTemplate": [
                                            "object",
                                            {
                                              "metadata": [
                                                "object",
                                                {
                                                  "annotations": [
                                                    "map",
                                                    "string"
                                                  ],
                                                  "labels": [
                                                    "map",
                                                    "string"
                                                  ]
                                                }
                                              ],
                                              "spec": [
                                                "object",
                                                {
                                                  "affinity": [
                                                    "object",
                                                    {
                                                      "nodeAffinity": [
                                                        "object",
                                                        {
                                                          "preferredDuringSchedulingIgnoredDuringExecution": [
                                                            "list",
                                                            [
                                                              "object",
                                                              {
                                                                "preference": [
                                                                  "object",
                                                                  {
                                                                    "matchExpressions": [
                                                                      "list",
                                                                      [
                                                                        "object",
                                                                        {
                                                                          "key": "string",
                                                                          "operator": "string",
                                                                          "values": [
                                                                            "list",
                                                                            "string"
                                                                          ]
                                                                        }
                                                                      ]
                                                                    ],
                                                                    "matchFields": [
                                                                      "list",
                                                                      [
                                                                        "object",
                                                                        {
                                                                          "key": "string",
                                                                          "operator": "string",
                                                                          "values": [
                                                                            "list",
                                                                            "string"
                                                                          ]
                                                                        }
                                                                      ]
                                                                    ]
                                                                  }
                                                                ],
                                                                "weight": "number"
                                                              }
                                                            ]
                                                          ],
                                                          "requiredDuringSchedulingIgnoredDuringExecution": [
                                                            "object",
                                                            {
                                                              "nodeSelectorTerms": [
                                                                "list",
                                                                [
                                                                  "object",
                                                                  {
                                                                    "matchExpressions": [
                                                                      "list",
                                                                      [
                                                                        "object",
                                                                        {
                                                                          "key": "string",
                                                                          "operator": "string",
                                                                          "values": [
                                                                            "list",
                                                                            "string"
                                                                          ]
                                                                        }
                                                                      ]
                                                                    ],
                                                                    "matchFields": [
                                                                      "list",
                                                                      [
                                                                        "object",
                                                                        {
                                                                          "key": "string",
                                                                          "operator": "string",
                                                                          "values": [
                                                                            "list",
                                                                            "string"
                                                                          ]
                                                                        }
                                                                      ]
                                                                    ]
                                                                  }
                                                                ]
                                                              ]
                                                            }
                                                          ]
                                                        }
                                                      ],
                                                      "podAffinity": [
                                                        "object",
                                                        {
                                                          "preferredDuringSchedulingIgnoredDuringExecution": [
                                                            "list",
                                                            [
                                                              "object",
                                                              {
                                                                "podAffinityTerm": [
                                                                  "object",
                                                                  {
                                                                    "labelSelector": [
                                                                      "object",
                                                                      {
                                                                        "matchExpressions": [
                                                                          "list",
                                                                          [
                                                                            "object",
                                                                            {
                                                                              "key": "string",
                                                                              "operator": "string",
                                                                              "values": [
                                                                                "list",
                                                                                "string"
                                                                              ]
                                                                            }
                                                                          ]
                                                                        ],
                                                                        "matchLabels": [
                                                                          "map",
                                                                          "string"
                                                                        ]
                                                                      }
                                                                    ],
                                                                    "namespaceSelector": [
                                                                      "object",
                                                                      {
                                                                        "matchExpressions": [
                                                                          "list",
                                                                          [
                                                                            "object",
                                                                            {
                                                                              "key": "string",
                                                                              "operator": "string",
                                                                              "values": [
                                                                                "list",
                                                                                "string"
                                                                              ]
                                                                            }
                                                                          ]
                                                                        ],
                                                                        "matchLabels": [
                                                                          "map",
                                                                          "string"
                                                                        ]
                                                                      }
                                                                    ],
                                                                    "namespaces": [
                                                                      "list",
                                                                      "string"
                                                                    ],
                                                                    "topologyKey": "string"
                                                                  }
                                                                ],
                                                                "weight": "number"
                                                              }
                                                            ]
                                                          ],
                                                          "requiredDuringSchedulingIgnoredDuringExecution": [
                                                            "list",
                                                            [
                                                              "object",
                                                              {
                                                                "labelSelector": [
                                                                  "object",
                                                                  {
                                                                    "matchExpressions": [
                                                                      "list",
                                                                      [
                                                                        "object",
                                                                        {
                                                                          "key": "string",
                                                                          "operator": "string",
                                                                          "values": [
                                                                            "list",
                                                                            "string"
                                                                          ]
                                                                        }
                                                                      ]
                                                                    ],
                                                                    "matchLabels": [
                                                                      "map",
                                                                      "string"
                                                                    ]
                                                                  }
                                                                ],
                                                                "namespaceSelector": [
                                                                  "object",
                                                                  {
                                                                    "matchExpressions": [
                                                                      "list",
                                                                      [
                                                                        "object",
                                                                        {
                                                                          "key": "string",
                                                                          "operator": "string",
                                                                          "values": [
                                                                            "list",
                                                                            "string"
                                                                          ]
                                                                        }
                                                                      ]
                                                                    ],
                                                                    "matchLabels": [
                                                                      "map",
                                                                      "string"
                                                                    ]
                                                                  }
                                                                ],
                                                                "namespaces": [
                                                                  "list",
                                                                  "string"
                                                                ],
                                                                "topologyKey": "string"
                                                              }
                                                            ]
                                                          ]
                                                        }
                                                      ],
                                                      "podAntiAffinity": [
                                                        "object",
                                                        {
                                                          "preferredDuringSchedulingIgnoredDuringExecution": [
                                                            "list",
                                                            [
                                                              "object",
                                                              {
                                                                "podAffinityTerm": [
                                                                  "object",
                                                                  {
                                                                    "labelSelector": [
                                                                      "object",
                                                                      {
                                                                        "matchExpressions": [
                                                                          "list",
                                                                          [
                                                                            "object",
                                                                            {
                                                                              "key": "string",
                                                                              "operator": "string",
                                                                              "values": [
                                                                                "list",
                                                                                "string"
                                                                              ]
                                                                            }
                                                                          ]
                                                                        ],
                                                                        "matchLabels": [
                                                                          "map",
                                                                          "string"
                                                                        ]
                                                                      }
                                                                    ],
                                                                    "namespaceSelector": [
                                                                      "object",
                                                                      {
                                                                        "matchExpressions": [
                                                                          "list",
                                                                          [
                                                                            "object",
                                                                            {
                                                                              "key": "string",
                                                                              "operator": "string",
                                                                              "values": [
                                                                                "list",
                                                                                "string"
                                                                              ]
                                                                            }
                                                                          ]
                                                                        ],
                                                                        "matchLabels": [
                                                                          "map",
                                                                          "string"
                                                                        ]
                                                                      }
                                                                    ],
                                                                    "namespaces": [
                                                                      "list",
                                                                      "string"
                                                                    ],
                                                                    "topologyKey": "string"
                                                                  }
                                                                ],
                                                                "weight": "number"
                                                              }
                                                            ]
                                                          ],
                                                          "requiredDuringSchedulingIgnoredDuringExecution": [
                                                            "list",
                                                            [
                                                              "object",
                                                              {
                                                                "labelSelector": [
                                                                  "object",
                                                                  {
                                                                    "matchExpressions": [
                                                                      "list",
                                                                      [
                                                                        "object",
                                                                        {
                                                                          "key": "string",
                                                                          "operator": "string",
                                                                          "values": [
                                                                            "list",
                                                                            "string"
                                                                          ]
                                                                        }
                                                                      ]
                                                                    ],
                                                                    "matchLabels": [
                                                                      "map",
                                                                      "string"
                                                                    ]
                                                                  }
                                                                ],
                                                                "namespaceSelector": [
                                                                  "object",
                                                                  {
                                                                    "matchExpressions": [
                                                                      "list",
                                                                      [
                                                                        "object",
                                                                        {
                                                                          "key": "string",
                                                                          "operator": "string",
                                                                          "values": [
                                                                            "list",
                                                                            "string"
                                                                          ]
                                                                        }
                                                                      ]
                                                                    ],
                                                                    "matchLabels": [
                                                                      "map",
                                                                      "string"
                                                                    ]
                                                                  }
                                                                ],
                                                                "namespaces": [
                                                                  "list",
                                                                  "string"
                                                                ],
                                                                "topologyKey": "string"
                                                              }
                                                            ]
                                                          ]
                                                        }
                                                      ]
                                                    }
                                                  ],
                                                  "nodeSelector": [
                                                    "map",
                                                    "string"
                                                  ],
                                                  "priorityClassName": "string",
                                                  "serviceAccountName": "string",
                                                  "tolerations": [
                                                    "list",
                                                    [
                                                      "object",
                                                      {
                                                        "effect": "string",
                                                        "key": "string",
                                                        "operator": "string",
                                                        "tolerationSeconds": "number",
                                                        "value": "string"
                                                      }
                                                    ]
                                                  ]
                                                }
                                              ]
                                            }
                                          ],
                                          "serviceType": "string"
                                        }
                                      ]
                                    }
                                  ],
                                  "selector": [
                                    "object",
                                    {
                                      "dnsNames": [
                                        "list",
                                        "string"
                                      ],
                                      "dnsZones": [
                                        "list",
                                        "string"
                                      ],
                                      "matchLabels": [
                                        "map",
                                        "string"
                                      ]
                                    }
                                  ]
                                }
                              ]
                            ]
                          ]
                        }
                      ],
                      "ca": [
                        "object",
                        {
                          "crlDistributionPoints": [
                            "list",
                            "string"
                          ],
                          "ocspServers": [
                            "list",
                            "string"
                          ],
                          "secretName": "string"
                        }
                      ],
                      "selfSigned": [
                        "object",
                        {
                          "crlDistributionPoints": [
                            "list",
                            "string"
                          ]
                        }
                      ],
                      "vault": [
                        "object",
                        {
                          "auth": [
                            "object",
                            {
                              "appRole": [
                                "object",
                                {
                                  "path": "string",
                                  "roleId": "string",
                                  "secretRef": [
                                    "object",
                                    {
                                      "key": "string",
                                      "name": "string"
                                    }
                                  ]
                                }
                              ],
                              "kubernetes": [
                                "object",
                                {
                                  "mountPath": "string",
                                  "role": "string",
                                  "secretRef": [
                                    "object",
                                    {
                                      "key": "string",
                                      "name": "string"
                                    }
                                  ]
                                }
                              ],
                              "tokenSecretRef": [
                                "object",
                                {
                                  "key": "string",
                                  "name": "string"
                                }
                              ]
                            }
                          ],
                          "caBundle": "string",
                          "namespace": "string",
                          "path": "string",
                          "server": "string"
                        }
                      ],
                      "venafi": [
                        "object",
                        {
                          "cloud": [
                            "object",
                            {
                              "apiTokenSecretRef": [
                                "object",
                                {
                                  "key": "string",
                                  "name": "string"
                                }
                              ],
                              "url": "string"
                            }
                          ],
                          "tpp": [
                            "object",
                            {
                              "caBundle": "string",
                              "credentialsRef": [
                                "object",
                                {
                                  "name": "string"
                                }
                              ],
                              "url": "string"
                            }
                          ],
                          "zone": "string"
                        }
                      ]
                    }
                  ]
                }
              ]
            },
            "timeouts": [],
            "wait": [],
            "wait_for": null
          },
          "sensitive_attributes": [],
          "dependencies": [
            "data.azuread_service_principal.cert_manager",
            "data.azurerm_client_config.current",
            "data.azurerm_kubernetes_cluster.cluster"
          ]
        }
      ]
    }
  ]
}
